
Microsoft Visual Studio Solution File, Format Version 12.00
# Visual Studio Version 17
VisualStudioVersion = 17.10.35013.160
MinimumVisualStudioVersion = 10.0.40219.1
Project("{FAE04EC0-301F-11D3-BF4B-00C04F79EFBC}") = "chit-chat-backend", "chit-chat-backend\chit-chat-backend.csproj", "{F80FD19C-65F5-4A18-BB28-82D1CE7B167B}"
EndProject
Global
	GlobalSection(SolutionConfigurationPlatforms) = preSolution
		Debug|Any CPU = Debug|Any CPU
		Release|Any CPU = Release|Any CPU
	EndGlobalSection
	GlobalSection(ProjectConfigurationPlatforms) = postSolution
		{F80FD19C-65F5-4A18-BB28-82D1CE7B167B}.Debug|Any CPU.ActiveCfg = Debug|Any CPU
		{F80FD19C-65F5-4A18-BB28-82D1CE7B167B}.Debug|Any CPU.Build.0 = Debug|Any CPU
		{F80FD19C-65F5-4A18-BB28-82D1CE7B167B}.Release|Any CPU.ActiveCfg = Release|Any CPU
		{F80FD19C-65F5-4A18-BB28-82D1CE7B167B}.Release|Any CPU.Build.0 = Release|Any CPU
	EndGlobalSection
	GlobalSection(SolutionProperties) = preSolution
		HideSolutionNode = FALSE
	EndGlobalSection
	GlobalSection(ExtensibilityGlobals) = postSolution
		SolutionGuid = {A8D92082-8185-4DE1-9243-36EFBE7514C3}
	EndGlobalSection
EndGlobal
