
Microsoft Visual Studio Solution File, Format Version 12.00
# Visual Studio Version 17
VisualStudioVersion = 17.10.35013.160
MinimumVisualStudioVersion = 10.0.40219.1
Project("{E53339B2-1760-4266-BCC7-CA923CBCF16C}") = "docker-compose", "docker\DockerCompose\docker-compose.dcproj", "{37FE7C74-3803-4E83-A00F-09A51F680D0A}"
EndProject
Project("{9A19103F-16F7-4668-BE54-9A1E7A4F7556}") = "ChitChat.Application", "src\ChitChat.Application\ChitChat.Application.csproj", "{153852C7-3B43-420F-A98A-D2EDF910E1E7}"
EndProject
Project("{9A19103F-16F7-4668-BE54-9A1E7A4F7556}") = "ChitChat.DataAccess", "src\ChitChat.DataAccess\ChitChat.DataAccess.csproj", "{A6FC306B-C0E1-49F6-9DC2-99486A22CB6F}"
EndProject
Project("{9A19103F-16F7-4668-BE54-9A1E7A4F7556}") = "ChitChat.Domain", "src\ChitChat.Domain\ChitChat.Domain.csproj", "{F04FC03B-DA8E-469C-B20A-A09265DE8632}"
EndProject
Project("{9A19103F-16F7-4668-BE54-9A1E7A4F7556}") = "ChitChat.Infrastructure", "src\ChitChat.Infrastructure\ChitChat.Infrastructure.csproj", "{D7E66971-269F-43B2-B31E-1BCA2C91AD94}"
EndProject
Project("{9A19103F-16F7-4668-BE54-9A1E7A4F7556}") = "ChitChat.WebAPI", "src\ChitChat.WebAPI\ChitChat.WebAPI.csproj", "{D209FC8F-8470-46C1-934B-0FA7A203C246}"
EndProject
Global
	GlobalSection(SolutionConfigurationPlatforms) = preSolution
		Debug|Any CPU = Debug|Any CPU
		Release|Any CPU = Release|Any CPU
	EndGlobalSection
	GlobalSection(ProjectConfigurationPlatforms) = postSolution
		{37FE7C74-3803-4E83-A00F-09A51F680D0A}.Debug|Any CPU.ActiveCfg = Debug|Any CPU
		{37FE7C74-3803-4E83-A00F-09A51F680D0A}.Debug|Any CPU.Build.0 = Debug|Any CPU
		{37FE7C74-3803-4E83-A00F-09A51F680D0A}.Release|Any CPU.ActiveCfg = Release|Any CPU
		{37FE7C74-3803-4E83-A00F-09A51F680D0A}.Release|Any CPU.Build.0 = Release|Any CPU
		{153852C7-3B43-420F-A98A-D2EDF910E1E7}.Debug|Any CPU.ActiveCfg = Debug|Any CPU
		{153852C7-3B43-420F-A98A-D2EDF910E1E7}.Debug|Any CPU.Build.0 = Debug|Any CPU
		{153852C7-3B43-420F-A98A-D2EDF910E1E7}.Release|Any CPU.ActiveCfg = Release|Any CPU
		{153852C7-3B43-420F-A98A-D2EDF910E1E7}.Release|Any CPU.Build.0 = Release|Any CPU
		{A6FC306B-C0E1-49F6-9DC2-99486A22CB6F}.Debug|Any CPU.ActiveCfg = Debug|Any CPU
		{A6FC306B-C0E1-49F6-9DC2-99486A22CB6F}.Debug|Any CPU.Build.0 = Debug|Any CPU
		{A6FC306B-C0E1-49F6-9DC2-99486A22CB6F}.Release|Any CPU.ActiveCfg = Release|Any CPU
		{A6FC306B-C0E1-49F6-9DC2-99486A22CB6F}.Release|Any CPU.Build.0 = Release|Any CPU
		{F04FC03B-DA8E-469C-B20A-A09265DE8632}.Debug|Any CPU.ActiveCfg = Debug|Any CPU
		{F04FC03B-DA8E-469C-B20A-A09265DE8632}.Debug|Any CPU.Build.0 = Debug|Any CPU
		{F04FC03B-DA8E-469C-B20A-A09265DE8632}.Release|Any CPU.ActiveCfg = Release|Any CPU
		{F04FC03B-DA8E-469C-B20A-A09265DE8632}.Release|Any CPU.Build.0 = Release|Any CPU
		{D7E66971-269F-43B2-B31E-1BCA2C91AD94}.Debug|Any CPU.ActiveCfg = Debug|Any CPU
		{D7E66971-269F-43B2-B31E-1BCA2C91AD94}.Debug|Any CPU.Build.0 = Debug|Any CPU
		{D7E66971-269F-43B2-B31E-1BCA2C91AD94}.Release|Any CPU.ActiveCfg = Release|Any CPU
		{D7E66971-269F-43B2-B31E-1BCA2C91AD94}.Release|Any CPU.Build.0 = Release|Any CPU
		{D209FC8F-8470-46C1-934B-0FA7A203C246}.Debug|Any CPU.ActiveCfg = Debug|Any CPU
		{D209FC8F-8470-46C1-934B-0FA7A203C246}.Debug|Any CPU.Build.0 = Debug|Any CPU
		{D209FC8F-8470-46C1-934B-0FA7A203C246}.Release|Any CPU.ActiveCfg = Release|Any CPU
		{D209FC8F-8470-46C1-934B-0FA7A203C246}.Release|Any CPU.Build.0 = Release|Any CPU
	EndGlobalSection
	GlobalSection(SolutionProperties) = preSolution
		HideSolutionNode = FALSE
	EndGlobalSection
	GlobalSection(ExtensibilityGlobals) = postSolution
		SolutionGuid = {A8D92082-8185-4DE1-9243-36EFBE7514C3}
	EndGlobalSection
EndGlobal
